
Microsoft Visual Studio Solution File, Format Version 12.00
# Visual Studio Version 17
VisualStudioVersion = 17.5.002.0
MinimumVisualStudioVersion = 10.0.40219.1
Project("{2150E333-8FDC-42A3-9474-1A3956D46DE8}") = "csharp-prep", "csharp-prep", "{1821304E-3674-4CE2-9DE2-F279B6CC1AF4}"
EndProject
Project("{9A19103F-16F7-4668-BE54-9A1E7A4F7556}") = "Prep1", "csharp-prep\Prep1\Prep1.csproj", "{D8B80197-31BB-4B75-B368-880539A8D48D}"
EndProject
Project("{9A19103F-16F7-4668-BE54-9A1E7A4F7556}") = "Prep2", "csharp-prep\Prep2\Prep2.csproj", "{4BD581E6-B3C8-426E-9E9E-60D96DBD7E57}"
EndProject
Project("{9A19103F-16F7-4668-BE54-9A1E7A4F7556}") = "Prep3", "csharp-prep\Prep3\Prep3.csproj", "{A9F21799-0BF9-4A92-8AD8-8DDD945CD5C0}"
EndProject
Project("{9A19103F-16F7-4668-BE54-9A1E7A4F7556}") = "Prep4", "csharp-prep\Prep4\Prep4.csproj", "{49313E49-B9BD-42A7-9256-96EC9F021F92}"
EndProject
Project("{9A19103F-16F7-4668-BE54-9A1E7A4F7556}") = "Prep5", "csharp-prep\Prep5\Prep5.csproj", "{B74BD327-3348-49C6-8CC8-7185EE54620C}"
EndProject
Project("{2150E333-8FDC-42A3-9474-1A3956D46DE8}") = "final", "final", "{A56F5BF0-1FA8-49E9-9463-638357949B81}"
EndProject
Project("{9A19103F-16F7-4668-BE54-9A1E7A4F7556}") = "FinalProject", "final\FinalProject\FinalProject.csproj", "{39543682-C99D-47AB-9D0B-A2CBA2AF3858}"
EndProject
Project("{9A19103F-16F7-4668-BE54-9A1E7A4F7556}") = "Foundation1", "final\Foundation1\Foundation1.csproj", "{F67212F8-2AA4-435B-BBA4-457E8C9EACE3}"
EndProject
Project("{9A19103F-16F7-4668-BE54-9A1E7A4F7556}") = "Foundation2", "final\Foundation2\Foundation2.csproj", "{2052BB92-67EF-4439-898E-B7ED4B679833}"
EndProject
Project("{9A19103F-16F7-4668-BE54-9A1E7A4F7556}") = "Foundation3", "final\Foundation3\Foundation3.csproj", "{4F8011EF-5BE8-4A1C-88D3-939578174132}"
EndProject
Project("{9A19103F-16F7-4668-BE54-9A1E7A4F7556}") = "Foundation4", "final\Foundation4\Foundation4.csproj", "{C9605F9B-5624-4EDE-823C-DFB24FCAA463}"
EndProject
Project("{2150E333-8FDC-42A3-9474-1A3956D46DE8}") = "prepare", "prepare", "{8FF25E77-7931-49D6-8D83-EBFE7463025E}"
EndProject
Project("{9A19103F-16F7-4668-BE54-9A1E7A4F7556}") = "Learning02", "prepare\Learning02\Learning02.csproj", "{B20103FB-D40E-4506-B8B3-05370473F192}"
EndProject
Project("{9A19103F-16F7-4668-BE54-9A1E7A4F7556}") = "Learning03", "prepare\Learning03\Learning03.csproj", "{FF9A5A75-057F-4142-A747-83533DEA9451}"
EndProject
Project("{9A19103F-16F7-4668-BE54-9A1E7A4F7556}") = "Learning04", "prepare\Learning04\Learning04.csproj", "{290F05BC-3778-48B5-BF0B-54AD2E6C26E2}"
EndProject
Project("{9A19103F-16F7-4668-BE54-9A1E7A4F7556}") = "Learning05", "prepare\Learning05\Learning05.csproj", "{B680CF1B-29C0-478D-9AFB-AE23B1469190}"
EndProject
Project("{2150E333-8FDC-42A3-9474-1A3956D46DE8}") = "prove", "prove", "{7542E2B7-223D-4764-86ED-4B7D8EE59A2B}"
EndProject
Project("{9A19103F-16F7-4668-BE54-9A1E7A4F7556}") = "Develop02", "prove\Develop02\Develop02.csproj", "{DE645AC4-1588-47F9-998B-40EC14743EC8}"
EndProject
Project("{9A19103F-16F7-4668-BE54-9A1E7A4F7556}") = "Develop03", "prove\Develop03\Develop03.csproj", "{BA8B6D35-B8D1-4349-9429-272383AD7E86}"
EndProject
Project("{9A19103F-16F7-4668-BE54-9A1E7A4F7556}") = "Develop04", "prove\Develop04\Develop04.csproj", "{AAEE56A1-7739-418A-A249-0B336F7D57B7}"
EndProject
Project("{9A19103F-16F7-4668-BE54-9A1E7A4F7556}") = "Develop05", "prove\Develop05\Develop05.csproj", "{CC0578BB-B9B0-4BB2-9801-F7E3AE828992}"
EndProject
Project("{2150E333-8FDC-42A3-9474-1A3956D46DE8}") = "sandbox", "sandbox", "{F89A579A-EECC-438B-9ED9-D89AE111DEFE}"
EndProject
Project("{9A19103F-16F7-4668-BE54-9A1E7A4F7556}") = "Sandbox", "sandbox\Sandbox\Sandbox.csproj", "{3FD484F9-23B5-49E2-9A93-8157C6CA7E10}"
EndProject
Global
	GlobalSection(SolutionConfigurationPlatforms) = preSolution
		Debug|Any CPU = Debug|Any CPU
		Release|Any CPU = Release|Any CPU
	EndGlobalSection
	GlobalSection(ProjectConfigurationPlatforms) = postSolution
		{D8B80197-31BB-4B75-B368-880539A8D48D}.Debug|Any CPU.ActiveCfg = Debug|Any CPU
		{D8B80197-31BB-4B75-B368-880539A8D48D}.Debug|Any CPU.Build.0 = Debug|Any CPU
		{D8B80197-31BB-4B75-B368-880539A8D48D}.Release|Any CPU.ActiveCfg = Release|Any CPU
		{D8B80197-31BB-4B75-B368-880539A8D48D}.Release|Any CPU.Build.0 = Release|Any CPU
		{4BD581E6-B3C8-426E-9E9E-60D96DBD7E57}.Debug|Any CPU.ActiveCfg = Debug|Any CPU
		{4BD581E6-B3C8-426E-9E9E-60D96DBD7E57}.Debug|Any CPU.Build.0 = Debug|Any CPU
		{4BD581E6-B3C8-426E-9E9E-60D96DBD7E57}.Release|Any CPU.ActiveCfg = Release|Any CPU
		{4BD581E6-B3C8-426E-9E9E-60D96DBD7E57}.Release|Any CPU.Build.0 = Release|Any CPU
		{A9F21799-0BF9-4A92-8AD8-8DDD945CD5C0}.Debug|Any CPU.ActiveCfg = Debug|Any CPU
		{A9F21799-0BF9-4A92-8AD8-8DDD945CD5C0}.Debug|Any CPU.Build.0 = Debug|Any CPU
		{A9F21799-0BF9-4A92-8AD8-8DDD945CD5C0}.Release|Any CPU.ActiveCfg = Release|Any CPU
		{A9F21799-0BF9-4A92-8AD8-8DDD945CD5C0}.Release|Any CPU.Build.0 = Release|Any CPU
		{49313E49-B9BD-42A7-9256-96EC9F021F92}.Debug|Any CPU.ActiveCfg = Debug|Any CPU
		{49313E49-B9BD-42A7-9256-96EC9F021F92}.Debug|Any CPU.Build.0 = Debug|Any CPU
		{49313E49-B9BD-42A7-9256-96EC9F021F92}.Release|Any CPU.ActiveCfg = Release|Any CPU
		{49313E49-B9BD-42A7-9256-96EC9F021F92}.Release|Any CPU.Build.0 = Release|Any CPU
		{B74BD327-3348-49C6-8CC8-7185EE54620C}.Debug|Any CPU.ActiveCfg = Debug|Any CPU
		{B74BD327-3348-49C6-8CC8-7185EE54620C}.Debug|Any CPU.Build.0 = Debug|Any CPU
		{B74BD327-3348-49C6-8CC8-7185EE54620C}.Release|Any CPU.ActiveCfg = Release|Any CPU
		{B74BD327-3348-49C6-8CC8-7185EE54620C}.Release|Any CPU.Build.0 = Release|Any CPU
		{39543682-C99D-47AB-9D0B-A2CBA2AF3858}.Debug|Any CPU.ActiveCfg = Debug|Any CPU
		{39543682-C99D-47AB-9D0B-A2CBA2AF3858}.Debug|Any CPU.Build.0 = Debug|Any CPU
		{39543682-C99D-47AB-9D0B-A2CBA2AF3858}.Release|Any CPU.ActiveCfg = Release|Any CPU
		{39543682-C99D-47AB-9D0B-A2CBA2AF3858}.Release|Any CPU.Build.0 = Release|Any CPU
		{F67212F8-2AA4-435B-BBA4-457E8C9EACE3}.Debug|Any CPU.ActiveCfg = Debug|Any CPU
		{F67212F8-2AA4-435B-BBA4-457E8C9EACE3}.Debug|Any CPU.Build.0 = Debug|Any CPU
		{F67212F8-2AA4-435B-BBA4-457E8C9EACE3}.Release|Any CPU.ActiveCfg = Release|Any CPU
		{F67212F8-2AA4-435B-BBA4-457E8C9EACE3}.Release|Any CPU.Build.0 = Release|Any CPU
		{2052BB92-67EF-4439-898E-B7ED4B679833}.Debug|Any CPU.ActiveCfg = Debug|Any CPU
		{2052BB92-67EF-4439-898E-B7ED4B679833}.Debug|Any CPU.Build.0 = Debug|Any CPU
		{2052BB92-67EF-4439-898E-B7ED4B679833}.Release|Any CPU.ActiveCfg = Release|Any CPU
		{2052BB92-67EF-4439-898E-B7ED4B679833}.Release|Any CPU.Build.0 = Release|Any CPU
		{4F8011EF-5BE8-4A1C-88D3-939578174132}.Debug|Any CPU.ActiveCfg = Debug|Any CPU
		{4F8011EF-5BE8-4A1C-88D3-939578174132}.Debug|Any CPU.Build.0 = Debug|Any CPU
		{4F8011EF-5BE8-4A1C-88D3-939578174132}.Release|Any CPU.ActiveCfg = Release|Any CPU
		{4F8011EF-5BE8-4A1C-88D3-939578174132}.Release|Any CPU.Build.0 = Release|Any CPU
		{C9605F9B-5624-4EDE-823C-DFB24FCAA463}.Debug|Any CPU.ActiveCfg = Debug|Any CPU
		{C9605F9B-5624-4EDE-823C-DFB24FCAA463}.Debug|Any CPU.Build.0 = Debug|Any CPU
		{C9605F9B-5624-4EDE-823C-DFB24FCAA463}.Release|Any CPU.ActiveCfg = Release|Any CPU
		{C9605F9B-5624-4EDE-823C-DFB24FCAA463}.Release|Any CPU.Build.0 = Release|Any CPU
		{B20103FB-D40E-4506-B8B3-05370473F192}.Debug|Any CPU.ActiveCfg = Debug|Any CPU
		{B20103FB-D40E-4506-B8B3-05370473F192}.Debug|Any CPU.Build.0 = Debug|Any CPU
		{B20103FB-D40E-4506-B8B3-05370473F192}.Release|Any CPU.ActiveCfg = Release|Any CPU
		{B20103FB-D40E-4506-B8B3-05370473F192}.Release|Any CPU.Build.0 = Release|Any CPU
		{FF9A5A75-057F-4142-A747-83533DEA9451}.Debug|Any CPU.ActiveCfg = Debug|Any CPU
		{FF9A5A75-057F-4142-A747-83533DEA9451}.Debug|Any CPU.Build.0 = Debug|Any CPU
		{FF9A5A75-057F-4142-A747-83533DEA9451}.Release|Any CPU.ActiveCfg = Release|Any CPU
		{FF9A5A75-057F-4142-A747-83533DEA9451}.Release|Any CPU.Build.0 = Release|Any CPU
		{290F05BC-3778-48B5-BF0B-54AD2E6C26E2}.Debug|Any CPU.ActiveCfg = Debug|Any CPU
		{290F05BC-3778-48B5-BF0B-54AD2E6C26E2}.Debug|Any CPU.Build.0 = Debug|Any CPU
		{290F05BC-3778-48B5-BF0B-54AD2E6C26E2}.Release|Any CPU.ActiveCfg = Release|Any CPU
		{290F05BC-3778-48B5-BF0B-54AD2E6C26E2}.Release|Any CPU.Build.0 = Release|Any CPU
		{B680CF1B-29C0-478D-9AFB-AE23B1469190}.Debug|Any CPU.ActiveCfg = Debug|Any CPU
		{B680CF1B-29C0-478D-9AFB-AE23B1469190}.Debug|Any CPU.Build.0 = Debug|Any CPU
		{B680CF1B-29C0-478D-9AFB-AE23B1469190}.Release|Any CPU.ActiveCfg = Release|Any CPU
		{B680CF1B-29C0-478D-9AFB-AE23B1469190}.Release|Any CPU.Build.0 = Release|Any CPU
		{DE645AC4-1588-47F9-998B-40EC14743EC8}.Debug|Any CPU.ActiveCfg = Debug|Any CPU
		{DE645AC4-1588-47F9-998B-40EC14743EC8}.Debug|Any CPU.Build.0 = Debug|Any CPU
		{DE645AC4-1588-47F9-998B-40EC14743EC8}.Release|Any CPU.ActiveCfg = Release|Any CPU
		{DE645AC4-1588-47F9-998B-40EC14743EC8}.Release|Any CPU.Build.0 = Release|Any CPU
		{BA8B6D35-B8D1-4349-9429-272383AD7E86}.Debug|Any CPU.ActiveCfg = Debug|Any CPU
		{BA8B6D35-B8D1-4349-9429-272383AD7E86}.Debug|Any CPU.Build.0 = Debug|Any CPU
		{BA8B6D35-B8D1-4349-9429-272383AD7E86}.Release|Any CPU.ActiveCfg = Release|Any CPU
		{BA8B6D35-B8D1-4349-9429-272383AD7E86}.Release|Any CPU.Build.0 = Release|Any CPU
		{AAEE56A1-7739-418A-A249-0B336F7D57B7}.Debug|Any CPU.ActiveCfg = Debug|Any CPU
		{AAEE56A1-7739-418A-A249-0B336F7D57B7}.Debug|Any CPU.Build.0 = Debug|Any CPU
		{AAEE56A1-7739-418A-A249-0B336F7D57B7}.Release|Any CPU.ActiveCfg = Release|Any CPU
		{AAEE56A1-7739-418A-A249-0B336F7D57B7}.Release|Any CPU.Build.0 = Release|Any CPU
		{CC0578BB-B9B0-4BB2-9801-F7E3AE828992}.Debug|Any CPU.ActiveCfg = Debug|Any CPU
		{CC0578BB-B9B0-4BB2-9801-F7E3AE828992}.Debug|Any CPU.Build.0 = Debug|Any CPU
		{CC0578BB-B9B0-4BB2-9801-F7E3AE828992}.Release|Any CPU.ActiveCfg = Release|Any CPU
		{CC0578BB-B9B0-4BB2-9801-F7E3AE828992}.Release|Any CPU.Build.0 = Release|Any CPU
		{3FD484F9-23B5-49E2-9A93-8157C6CA7E10}.Debug|Any CPU.ActiveCfg = Debug|Any CPU
		{3FD484F9-23B5-49E2-9A93-8157C6CA7E10}.Debug|Any CPU.Build.0 = Debug|Any CPU
		{3FD484F9-23B5-49E2-9A93-8157C6CA7E10}.Release|Any CPU.ActiveCfg = Release|Any CPU
		{3FD484F9-23B5-49E2-9A93-8157C6CA7E10}.Release|Any CPU.Build.0 = Release|Any CPU
	EndGlobalSection
	GlobalSection(SolutionProperties) = preSolution
		HideSolutionNode = FALSE
	EndGlobalSection
	GlobalSection(NestedProjects) = preSolution
		{D8B80197-31BB-4B75-B368-880539A8D48D} = {1821304E-3674-4CE2-9DE2-F279B6CC1AF4}
		{4BD581E6-B3C8-426E-9E9E-60D96DBD7E57} = {1821304E-3674-4CE2-9DE2-F279B6CC1AF4}
		{A9F21799-0BF9-4A92-8AD8-8DDD945CD5C0} = {1821304E-3674-4CE2-9DE2-F279B6CC1AF4}
		{49313E49-B9BD-42A7-9256-96EC9F021F92} = {1821304E-3674-4CE2-9DE2-F279B6CC1AF4}
		{B74BD327-3348-49C6-8CC8-7185EE54620C} = {1821304E-3674-4CE2-9DE2-F279B6CC1AF4}
		{39543682-C99D-47AB-9D0B-A2CBA2AF3858} = {A56F5BF0-1FA8-49E9-9463-638357949B81}
		{F67212F8-2AA4-435B-BBA4-457E8C9EACE3} = {A56F5BF0-1FA8-49E9-9463-638357949B81}
		{2052BB92-67EF-4439-898E-B7ED4B679833} = {A56F5BF0-1FA8-49E9-9463-638357949B81}
		{4F8011EF-5BE8-4A1C-88D3-939578174132} = {A56F5BF0-1FA8-49E9-9463-638357949B81}
		{C9605F9B-5624-4EDE-823C-DFB24FCAA463} = {A56F5BF0-1FA8-49E9-9463-638357949B81}
		{B20103FB-D40E-4506-B8B3-05370473F192} = {8FF25E77-7931-49D6-8D83-EBFE7463025E}
		{FF9A5A75-057F-4142-A747-83533DEA9451} = {8FF25E77-7931-49D6-8D83-EBFE7463025E}
		{290F05BC-3778-48B5-BF0B-54AD2E6C26E2} = {8FF25E77-7931-49D6-8D83-EBFE7463025E}
		{B680CF1B-29C0-478D-9AFB-AE23B1469190} = {8FF25E77-7931-49D6-8D83-EBFE7463025E}
		{DE645AC4-1588-47F9-998B-40EC14743EC8} = {7542E2B7-223D-4764-86ED-4B7D8EE59A2B}
		{BA8B6D35-B8D1-4349-9429-272383AD7E86} = {7542E2B7-223D-4764-86ED-4B7D8EE59A2B}
		{AAEE56A1-7739-418A-A249-0B336F7D57B7} = {7542E2B7-223D-4764-86ED-4B7D8EE59A2B}
		{CC0578BB-B9B0-4BB2-9801-F7E3AE828992} = {7542E2B7-223D-4764-86ED-4B7D8EE59A2B}
		{3FD484F9-23B5-49E2-9A93-8157C6CA7E10} = {F89A579A-EECC-438B-9ED9-D89AE111DEFE}
	EndGlobalSection
	GlobalSection(ExtensibilityGlobals) = postSolution
		SolutionGuid = {9DA32663-A2FB-44B0-8F03-B366F2E5CDBF}
	EndGlobalSection
EndGlobal
